{
    "_readme": [
        "This file locks the dependencies of your project to a known state",
        "Read more about it at https://getcomposer.org/doc/01-basic-usage.md#installing-dependencies",
        "This file is @generated automatically"
    ],
    "content-hash": "ffe9f63e2ae6e8521062e51d450b8285",
    "packages": [
        {
            "name": "iignatov/lightopenid",
            "version": "1.0.0",
            "source": {
                "type": "git",
                "url": "https://github.com/WillSkates/LightOpenID.git",
                "reference": "15264c31aef8bbe7ea18f12b6da4ccdb9927f9fa"
            },
            "dist": {
                "type": "zip",
                "url": "https://api.github.com/repos/WillSkates/LightOpenID/zipball/15264c31aef8bbe7ea18f12b6da4ccdb9927f9fa",
                "reference": "15264c31aef8bbe7ea18f12b6da4ccdb9927f9fa",
                "shasum": ""
            },
            "require": {
                "php": ">=5.2"
            },
            "type": "library",
            "autoload": {
                "classmap": [
                    "openid.php",
                    "provider/provider.php"
                ]
            },
            "notification-url": "https://packagist.org/downloads/",
            "license": [
                "MIT"
            ],
            "authors": [
                {
                    "name": "Ignat Ignatov",
                    "homepage": "https://github.com/iignatov/LightOpenID"
                },
                {
                    "name": "Mewp",
                    "homepage": "https://code.google.com/p/lightopenid/"
                }
            ],
            "description": "Lightweight PHP5 library for easy OpenID authentication.",
            "homepage": "https://github.com/iignatov/LightOpenID",
            "keywords": [
                "Authentication",
                "OpenId",
                "security"
            ],
            "support": {
                "source": "https://github.com/WillSkates/LightOpenID/tree/1.0.0"
            },
            "time": "2014-01-27T06:01:05+00:00"
        },
        {
            "name": "jwread/lib-allure",
            "version": "8.1.8",
            "source": {
                "type": "git",
                "url": "https://github.com/jamesread/libAllure.git",
                "reference": "9dbc3ee2e6828fc09b0e6c7278f3a187297f79aa"
            },
            "dist": {
                "type": "zip",
                "url": "https://api.github.com/repos/jamesread/libAllure/zipball/9dbc3ee2e6828fc09b0e6c7278f3a187297f79aa",
                "reference": "9dbc3ee2e6828fc09b0e6c7278f3a187297f79aa",
                "shasum": ""
            },
            "require": {
                "iignatov/lightopenid": "^1.0",
                "smarty/smarty": "^4.3"
            },
            "require-dev": {
                "phpstan/phpstan": "^1.10",
                "phpunit/php-code-coverage": "^9",
                "phpunit/phpunit": "^9.5",
                "squizlabs/php_codesniffer": "^3.7"
            },
            "type": "library",
            "autoload": {
                "psr-4": {
                    "libAllure\\": "src/main/php/libAllure/"
                }
            },
            "notification-url": "https://packagist.org/downloads/",
            "license": [
                "GPL-2.0-only"
            ],
            "authors": [
                {
                    "name": "jamesread",
                    "email": "contact@jwread.com"
                }
            ],
            "description": "A set of utilities, helpers and shims. It aims to be pretty modular and lightweight. API Docs are here; http://jamesread.github.io/libAllure/",
            "homepage": "https://github.com/jamesread/libAllure",
            "support": {
                "issues": "https://github.com/jamesread/libAllure/issues",
                "source": "https://github.com/jamesread/libAllure/tree/8.1.8"
            },
            "time": "2023-08-16T20:05:28+00:00"
        },
        {
            "name": "smarty/smarty",
            "version": "v4.3.2",
            "source": {
                "type": "git",
                "url": "https://github.com/smarty-php/smarty.git",
                "reference": "1d9cda2be34fd6edb74924684260636fd0b89288"
            },
            "dist": {
                "type": "zip",
                "url": "https://api.github.com/repos/smarty-php/smarty/zipball/1d9cda2be34fd6edb74924684260636fd0b89288",
                "reference": "1d9cda2be34fd6edb74924684260636fd0b89288",
                "shasum": ""
            },
            "require": {
                "php": "^7.1 || ^8.0"
            },
            "require-dev": {
                "phpunit/phpunit": "^8.5 || ^7.5",
                "smarty/smarty-lexer": "^3.1"
            },
            "type": "library",
            "extra": {
                "branch-alias": {
                    "dev-master": "4.0.x-dev"
                }
            },
            "autoload": {
                "classmap": [
                    "libs/"
                ]
            },
            "notification-url": "https://packagist.org/downloads/",
            "license": [
                "LGPL-3.0"
            ],
            "authors": [
                {
                    "name": "Monte Ohrt",
                    "email": "monte@ohrt.com"
                },
                {
                    "name": "Uwe Tews",
                    "email": "uwe.tews@googlemail.com"
                },
                {
                    "name": "Rodney Rehm",
                    "email": "rodney.rehm@medialize.de"
                },
                {
                    "name": "Simon Wisselink",
                    "homepage": "https://www.iwink.nl/"
                }
            ],
            "description": "Smarty - the compiling PHP template engine",
            "homepage": "https://smarty-php.github.io/smarty/",
            "keywords": [
                "templating"
            ],
            "support": {
                "forum": "https://github.com/smarty-php/smarty/discussions",
                "issues": "https://github.com/smarty-php/smarty/issues",
                "source": "https://github.com/smarty-php/smarty/tree/v4.3.2"
            },
            "time": "2023-07-19T10:27:36+00:00"
        }
    ],
    "packages-dev": [],
    "aliases": [],
    "minimum-stability": "stable",
    "stability-flags": [],
    "prefer-stable": false,
    "prefer-lowest": false,
    "platform": [],
    "platform-dev": [],
    "plugin-api-version": "2.3.0"
}
